{
  "lockfile_version": "1",
  "packages": {
    "alacritty@latest": {
      "last_modified": "2024-03-25T21:25:22Z",
      "resolved": "github:NixOS/nixpkgs/07262b18b97000d16a4bdb003418bd2fb067a932#alacritty",
      "source": "devbox-search",
      "version": "0.13.2",
      "systems": {
        "aarch64-darwin": {
          "outputs": [
            {
              "name": "out",
              "path": "/nix/store/mmlalvqdrybkvnrvj43jzyx7pnv19k3z-alacritty-0.13.2",
              "default": true
            },
            {
              "name": "terminfo",
              "path": "/nix/store/7ddhqa0arxf9bayj0rcfr1m1rpljpqip-alacritty-0.13.2-terminfo"
            }
          ],
          "store_path": "/nix/store/mmlalvqdrybkvnrvj43jzyx7pnv19k3z-alacritty-0.13.2"
        },
        "aarch64-linux": {
          "outputs": [
            {
              "name": "out",
              "path": "/nix/store/nxy1mb55m41hzl0l0ydcx78gril9vvcw-alacritty-0.13.2",
              "default": true
            },
            {
              "name": "terminfo",
              "path": "/nix/store/b8a6j1lai7x7m7pf36x6mfrr8zpdfap5-alacritty-0.13.2-terminfo"
            }
          ],
          "store_path": "/nix/store/nxy1mb55m41hzl0l0ydcx78gril9vvcw-alacritty-0.13.2"
        },
        "x86_64-darwin": {
          "outputs": [
            {
              "name": "out",
              "path": "/nix/store/wcizkgqp4qq0xswd734kjjhs4xkd3h9g-alacritty-0.13.2",
              "default": true
            },
            {
              "name": "terminfo",
              "path": "/nix/store/rdnwv4a9a32llh00scd23yy50lns5zl7-alacritty-0.13.2-terminfo"
            }
          ],
          "store_path": "/nix/store/wcizkgqp4qq0xswd734kjjhs4xkd3h9g-alacritty-0.13.2"
        },
        "x86_64-linux": {
          "outputs": [
            {
              "name": "out",
              "path": "/nix/store/gjr1g2wq4ywryk2b3g3lzxaxxa7c8i1z-alacritty-0.13.2",
              "default": true
            },
            {
              "name": "terminfo",
              "path": "/nix/store/29j7mspn1iq6zbqxr63qhpg9lc3bxxpy-alacritty-0.13.2-terminfo"
            }
          ],
          "store_path": "/nix/store/gjr1g2wq4ywryk2b3g3lzxaxxa7c8i1z-alacritty-0.13.2"
        }
      }
    },
    "emacs29@latest": {
      "last_modified": "2023-12-04T12:43:35Z",
      "resolved": "github:NixOS/nixpkgs/09ec6a0881e1a36c29d67497693a67a16f4da573#emacs29",
      "source": "devbox-search",
      "version": "29.1",
      "systems": {
        "aarch64-darwin": {
          "outputs": [
            {
              "name": "out",
              "path": "/nix/store/1bc6jv51sbkx87h2ispx36p320y0pcbk-emacs-29.1",
              "default": true
            }
          ],
          "store_path": "/nix/store/1bc6jv51sbkx87h2ispx36p320y0pcbk-emacs-29.1"
        },
        "aarch64-linux": {
          "outputs": [
            {
              "name": "out",
              "path": "/nix/store/rbawn3ar3kphvy3f43x60jfi11ihr012-emacs-29.1",
              "default": true
            }
          ],
          "store_path": "/nix/store/rbawn3ar3kphvy3f43x60jfi11ihr012-emacs-29.1"
        },
        "x86_64-darwin": {
          "outputs": [
            {
              "name": "out",
              "path": "/nix/store/yv4i9kx6g92smc95qy9k8gmdnba2cbdj-emacs-29.1",
              "default": true
            }
          ],
          "store_path": "/nix/store/yv4i9kx6g92smc95qy9k8gmdnba2cbdj-emacs-29.1"
        },
        "x86_64-linux": {
          "outputs": [
            {
              "name": "out",
              "path": "/nix/store/gb4gjmnr4gw3xpc2xlmxgw8m5d3q3634-emacs-29.1",
              "default": true
            }
          ],
          "store_path": "/nix/store/gb4gjmnr4gw3xpc2xlmxgw8m5d3q3634-emacs-29.1"
        }
      }
    },
    "gping@latest": {
      "last_modified": "2024-03-22T11:26:23Z",
      "resolved": "github:NixOS/nixpkgs/a3ed7406349a9335cb4c2a71369b697cecd9d351#gping",
      "source": "devbox-search",
      "version": "1.16.1",
      "systems": {
        "aarch64-darwin": {
          "outputs": [
            {
              "name": "out",
              "path": "/nix/store/nv952p5y1ckzrdnd9va4ablxa1w30j75-gping-1.16.1",
              "default": true
            }
          ],
          "store_path": "/nix/store/nv952p5y1ckzrdnd9va4ablxa1w30j75-gping-1.16.1"
        },
        "aarch64-linux": {
          "outputs": [
            {
              "name": "out",
              "path": "/nix/store/j8s7ndlhxa37z99xg76i9i8767r7i0qy-gping-1.16.1",
              "default": true
            }
          ],
          "store_path": "/nix/store/j8s7ndlhxa37z99xg76i9i8767r7i0qy-gping-1.16.1"
        },
        "x86_64-darwin": {
          "outputs": [
            {
              "name": "out",
              "path": "/nix/store/ar85zcn0s79y9g814c2rnvldm6dz1rpc-gping-1.16.1",
              "default": true
            }
          ],
          "store_path": "/nix/store/ar85zcn0s79y9g814c2rnvldm6dz1rpc-gping-1.16.1"
        },
        "x86_64-linux": {
          "outputs": [
            {
              "name": "out",
              "path": "/nix/store/qf5h029ybjywwd0avi9khphwcn10a4jq-gping-1.16.1",
              "default": true
            }
          ],
          "store_path": "/nix/store/qf5h029ybjywwd0avi9khphwcn10a4jq-gping-1.16.1"
        }
      }
    },
    "pass@latest": {
      "last_modified": "2024-03-23T22:08:43Z",
      "resolved": "github:NixOS/nixpkgs/e1d501922fd7351da4200e1275dfcf5faaad1220#pass",
      "source": "devbox-search",
      "version": "1.7.4",
      "systems": {
        "aarch64-darwin": {
          "outputs": [
            {
              "name": "out",
              "path": "/nix/store/nfbqr1yv2kcarkrd9ipzj3cipd0x9jgw-password-store-1.7.4",
              "default": true
            }
          ],
          "store_path": "/nix/store/nfbqr1yv2kcarkrd9ipzj3cipd0x9jgw-password-store-1.7.4"
        },
        "aarch64-linux": {
          "outputs": [
            {
              "name": "out",
              "path": "/nix/store/1j3d2pixq9wvj62yajcf3gn26dz8xwxi-password-store-1.7.4",
              "default": true
            }
          ],
          "store_path": "/nix/store/1j3d2pixq9wvj62yajcf3gn26dz8xwxi-password-store-1.7.4"
        },
        "x86_64-darwin": {
          "outputs": [
            {
              "name": "out",
              "path": "/nix/store/cxxp620d1md5amccks4kf1028g780fsm-password-store-1.7.4",
              "default": true
            }
          ],
          "store_path": "/nix/store/cxxp620d1md5amccks4kf1028g780fsm-password-store-1.7.4"
        },
        "x86_64-linux": {
          "outputs": [
            {
              "name": "out",
              "path": "/nix/store/1f6a24hq63a699y2jgp7v5fcxgiddpsq-password-store-1.7.4",
              "default": true
            }
          ],
          "store_path": "/nix/store/1f6a24hq63a699y2jgp7v5fcxgiddpsq-password-store-1.7.4"
        }
      }
    },
    "ripgrep@latest": {
      "last_modified": "2024-03-22T11:26:23Z",
      "resolved": "github:NixOS/nixpkgs/a3ed7406349a9335cb4c2a71369b697cecd9d351#ripgrep",
      "source": "devbox-search",
      "version": "14.1.0",
      "systems": {
        "aarch64-darwin": {
          "outputs": [
            {
              "name": "out",
              "path": "/nix/store/4fwvymj5jdwz1k7ygq9mvng4psqr18l8-ripgrep-14.1.0",
              "default": true
            }
          ],
          "store_path": "/nix/store/4fwvymj5jdwz1k7ygq9mvng4psqr18l8-ripgrep-14.1.0"
        },
        "aarch64-linux": {
          "outputs": [
            {
              "name": "out",
              "path": "/nix/store/jrmnnjmbmshl6cpn3pap06q7z9qz1fbb-ripgrep-14.1.0",
              "default": true
            }
          ],
          "store_path": "/nix/store/jrmnnjmbmshl6cpn3pap06q7z9qz1fbb-ripgrep-14.1.0"
        },
        "x86_64-darwin": {
          "outputs": [
            {
              "name": "out",
              "path": "/nix/store/zrar96flx58j9n2ncs7fdxg70qn7b8pd-ripgrep-14.1.0",
              "default": true
            }
          ],
          "store_path": "/nix/store/zrar96flx58j9n2ncs7fdxg70qn7b8pd-ripgrep-14.1.0"
        },
        "x86_64-linux": {
          "outputs": [
            {
              "name": "out",
              "path": "/nix/store/63d409ifkiy1sqmcgiig4dh0pxr0r3zn-ripgrep-14.1.0",
              "default": true
            }
          ],
          "store_path": "/nix/store/63d409ifkiy1sqmcgiig4dh0pxr0r3zn-ripgrep-14.1.0"
        }
      }
    },
    "tmux@latest": {
      "last_modified": "2024-03-22T11:26:23Z",
      "resolved": "github:NixOS/nixpkgs/a3ed7406349a9335cb4c2a71369b697cecd9d351#tmux",
      "source": "devbox-search",
      "version": "3.4",
      "systems": {
        "aarch64-darwin": {
          "outputs": [
            {
              "name": "out",
              "path": "/nix/store/9wxjglyr4vnhb2331ar980n2giy951l7-tmux-3.4",
              "default": true
            },
            {
              "name": "man",
              "path": "/nix/store/kh4wqs0d3bxichjrznki2hdlmrs07ay7-tmux-3.4-man",
              "default": true
            }
          ],
          "store_path": "/nix/store/9wxjglyr4vnhb2331ar980n2giy951l7-tmux-3.4"
        },
        "aarch64-linux": {
          "outputs": [
            {
              "name": "out",
              "path": "/nix/store/jjbfmic4zas304grqf8ms706zrrh3q5i-tmux-3.4",
              "default": true
            },
            {
              "name": "man",
              "path": "/nix/store/2a4jhzcwdl9w16m0a09v8958pxmlz826-tmux-3.4-man",
              "default": true
            }
          ],
          "store_path": "/nix/store/jjbfmic4zas304grqf8ms706zrrh3q5i-tmux-3.4"
        },
        "x86_64-darwin": {
          "outputs": [
            {
              "name": "out",
              "path": "/nix/store/6mbr808w83nz67b2h5k18w94qv9rxrzf-tmux-3.4",
              "default": true
            },
            {
              "name": "man",
              "path": "/nix/store/dww237ppm6g97m67r126a3scy1fwxmdd-tmux-3.4-man",
              "default": true
            }
          ],
          "store_path": "/nix/store/6mbr808w83nz67b2h5k18w94qv9rxrzf-tmux-3.4"
        },
        "x86_64-linux": {
          "outputs": [
            {
              "name": "out",
              "path": "/nix/store/rdl929zi0pcjqkssvzp44wxybbfwmx0f-tmux-3.4",
              "default": true
            },
            {
              "name": "man",
              "path": "/nix/store/x8gcbgyvrggbzwm757zq052byvqfbhk9-tmux-3.4-man",
              "default": true
            }
          ],
          "store_path": "/nix/store/rdl929zi0pcjqkssvzp44wxybbfwmx0f-tmux-3.4"
        }
      }
    }
  }
}
